// !$*UTF8*$!
{
	archiveVersion = 1;
	classes = {
	};
	objectVersion = 55;
	objects = {

/* Begin PBXBuildFile section */
		DFB75A7D9412BE92907FDB77 /* Pods_LottoreCommend.framework in Frameworks */ = {isa = PBXBuildFile; fileRef = 7D468F1DFC33CE356F88A0F8 /* Pods_LottoreCommend.framework */; };
		E3144BA927748B2300F0AC61 /* MainTabBarController.swift in Sources */ = {isa = PBXBuildFile; fileRef = E3144BA827748B2300F0AC61 /* MainTabBarController.swift */; };
		E3144BAB2774976900F0AC61 /* IntroViewModel.swift in Sources */ = {isa = PBXBuildFile; fileRef = E3144BAA2774976900F0AC61 /* IntroViewModel.swift */; };
		E37E087F277358E200F7B127 /* AppDelegate.swift in Sources */ = {isa = PBXBuildFile; fileRef = E37E087E277358E200F7B127 /* AppDelegate.swift */; };
		E37E0881277358E200F7B127 /* SceneDelegate.swift in Sources */ = {isa = PBXBuildFile; fileRef = E37E0880277358E200F7B127 /* SceneDelegate.swift */; };
		E37E0883277358E200F7B127 /* IntroController.swift in Sources */ = {isa = PBXBuildFile; fileRef = E37E0882277358E200F7B127 /* IntroController.swift */; };
		E37E0886277358E200F7B127 /* Main.storyboard in Resources */ = {isa = PBXBuildFile; fileRef = E37E0884277358E200F7B127 /* Main.storyboard */; };
		E37E0888277358E300F7B127 /* Assets.xcassets in Resources */ = {isa = PBXBuildFile; fileRef = E37E0887277358E300F7B127 /* Assets.xcassets */; };
		E37E088B277358E300F7B127 /* LaunchScreen.storyboard in Resources */ = {isa = PBXBuildFile; fileRef = E37E0889277358E300F7B127 /* LaunchScreen.storyboard */; };
		E37E089E27735E8F00F7B127 /* StatisticsViewController.swift in Sources */ = {isa = PBXBuildFile; fileRef = E37E089D27735E8F00F7B127 /* StatisticsViewController.swift */; };
		E37E08A127736FE300F7B127 /* intro_img.jpg in Resources */ = {isa = PBXBuildFile; fileRef = E37E08A027736FE300F7B127 /* intro_img.jpg */; };
		E37E08A527737A8B00F7B127 /* LotteNumEntity.swift in Sources */ = {isa = PBXBuildFile; fileRef = E37E08A427737A8B00F7B127 /* LotteNumEntity.swift */; };
		E37E08A727737B5500F7B127 /* CurrentDataEntity.swift in Sources */ = {isa = PBXBuildFile; fileRef = E37E08A627737B5500F7B127 /* CurrentDataEntity.swift */; };
		E37E08A927737C1B00F7B127 /* LotteryModel.swift in Sources */ = {isa = PBXBuildFile; fileRef = E37E08A827737C1B00F7B127 /* LotteryModel.swift */; };
/* End PBXBuildFile section */

/* Begin PBXFileReference section */
		7D468F1DFC33CE356F88A0F8 /* Pods_LottoreCommend.framework */ = {isa = PBXFileReference; explicitFileType = wrapper.framework; includeInIndex = 0; path = Pods_LottoreCommend.framework; sourceTree = BUILT_PRODUCTS_DIR; };
		CAFD7BCD18F0BB1C50019EAE /* Pods-LottoreCommend.debug.xcconfig */ = {isa = PBXFileReference; includeInIndex = 1; lastKnownFileType = text.xcconfig; name = "Pods-LottoreCommend.debug.xcconfig"; path = "Target Support Files/Pods-LottoreCommend/Pods-LottoreCommend.debug.xcconfig"; sourceTree = "<group>"; };
		D029F2D65AF81603527E1B85 /* Pods-LottoreCommend.release.xcconfig */ = {isa = PBXFileReference; includeInIndex = 1; lastKnownFileType = text.xcconfig; name = "Pods-LottoreCommend.release.xcconfig"; path = "Target Support Files/Pods-LottoreCommend/Pods-LottoreCommend.release.xcconfig"; sourceTree = "<group>"; };
		E3144BA827748B2300F0AC61 /* MainTabBarController.swift */ = {isa = PBXFileReference; lastKnownFileType = sourcecode.swift; path = MainTabBarController.swift; sourceTree = "<group>"; };
		E3144BAA2774976900F0AC61 /* IntroViewModel.swift */ = {isa = PBXFileReference; lastKnownFileType = sourcecode.swift; path = IntroViewModel.swift; sourceTree = "<group>"; };
		E37E087B277358E200F7B127 /* LottoreCommend.app */ = {isa = PBXFileReference; explicitFileType = wrapper.application; includeInIndex = 0; path = LottoreCommend.app; sourceTree = BUILT_PRODUCTS_DIR; };
		E37E087E277358E200F7B127 /* AppDelegate.swift */ = {isa = PBXFileReference; lastKnownFileType = sourcecode.swift; path = AppDelegate.swift; sourceTree = "<group>"; };
		E37E0880277358E200F7B127 /* SceneDelegate.swift */ = {isa = PBXFileReference; lastKnownFileType = sourcecode.swift; path = SceneDelegate.swift; sourceTree = "<group>"; };
		E37E0882277358E200F7B127 /* IntroController.swift */ = {isa = PBXFileReference; lastKnownFileType = sourcecode.swift; path = IntroController.swift; sourceTree = "<group>"; };
		E37E0885277358E200F7B127 /* Base */ = {isa = PBXFileReference; lastKnownFileType = file.storyboard; name = Base; path = Base.lproj/Main.storyboard; sourceTree = "<group>"; };
		E37E0887277358E300F7B127 /* Assets.xcassets */ = {isa = PBXFileReference; lastKnownFileType = folder.assetcatalog; path = Assets.xcassets; sourceTree = "<group>"; };
		E37E088A277358E300F7B127 /* Base */ = {isa = PBXFileReference; lastKnownFileType = file.storyboard; name = Base; path = Base.lproj/LaunchScreen.storyboard; sourceTree = "<group>"; };
		E37E088C277358E300F7B127 /* Info.plist */ = {isa = PBXFileReference; lastKnownFileType = text.plist.xml; path = Info.plist; sourceTree = "<group>"; };
		E37E089D27735E8F00F7B127 /* StatisticsViewController.swift */ = {isa = PBXFileReference; lastKnownFileType = sourcecode.swift; path = StatisticsViewController.swift; sourceTree = "<group>"; };
		E37E08A027736FE300F7B127 /* intro_img.jpg */ = {isa = PBXFileReference; lastKnownFileType = image.jpeg; name = intro_img.jpg; path = ../../../../../.Trash/intro_img.jpg; sourceTree = "<group>"; };
		E37E08A427737A8B00F7B127 /* LotteNumEntity.swift */ = {isa = PBXFileReference; lastKnownFileType = sourcecode.swift; path = LotteNumEntity.swift; sourceTree = "<group>"; };
		E37E08A627737B5500F7B127 /* CurrentDataEntity.swift */ = {isa = PBXFileReference; lastKnownFileType = sourcecode.swift; path = CurrentDataEntity.swift; sourceTree = "<group>"; };
		E37E08A827737C1B00F7B127 /* LotteryModel.swift */ = {isa = PBXFileReference; lastKnownFileType = sourcecode.swift; path = LotteryModel.swift; sourceTree = "<group>"; };
/* End PBXFileReference section */

/* Begin PBXFrameworksBuildPhase section */
		E37E0878277358E200F7B127 /* Frameworks */ = {
			isa = PBXFrameworksBuildPhase;
			buildActionMask = 2147483647;
			files = (
				DFB75A7D9412BE92907FDB77 /* Pods_LottoreCommend.framework in Frameworks */,
			);
			runOnlyForDeploymentPostprocessing = 0;
		};
/* End PBXFrameworksBuildPhase section */

/* Begin PBXGroup section */
		1FA73A7354BEAD03486B7E61 /* Pods */ = {
			isa = PBXGroup;
			children = (
				CAFD7BCD18F0BB1C50019EAE /* Pods-LottoreCommend.debug.xcconfig */,
				D029F2D65AF81603527E1B85 /* Pods-LottoreCommend.release.xcconfig */,
			);
			path = Pods;
			sourceTree = "<group>";
		};
		6B0365F653BEB1ADDBAEA99A /* Frameworks */ = {
			isa = PBXGroup;
			children = (
				7D468F1DFC33CE356F88A0F8 /* Pods_LottoreCommend.framework */,
			);
			name = Frameworks;
			sourceTree = "<group>";
		};
		E37E0872277358E200F7B127 = {
			isa = PBXGroup;
			children = (
				E37E087D277358E200F7B127 /* LottoreCommend */,
				E37E087C277358E200F7B127 /* Products */,
				1FA73A7354BEAD03486B7E61 /* Pods */,
				6B0365F653BEB1ADDBAEA99A /* Frameworks */,
			);
			sourceTree = "<group>";
		};
		E37E087C277358E200F7B127 /* Products */ = {
			isa = PBXGroup;
			children = (
				E37E087B277358E200F7B127 /* LottoreCommend.app */,
			);
			name = Products;
			sourceTree = "<group>";
		};
		E37E087D277358E200F7B127 /* LottoreCommend */ = {
			isa = PBXGroup;
			children = (
				E37E08A227737A3C00F7B127 /* Model */,
				E37E08A027736FE300F7B127 /* intro_img.jpg */,
				E37E089827735DED00F7B127 /* Statistics */,
				E37E0892277359CE00F7B127 /* Assets */,
				E37E087E277358E200F7B127 /* AppDelegate.swift */,
				E37E0880277358E200F7B127 /* SceneDelegate.swift */,
				E37E0882277358E200F7B127 /* IntroController.swift */,
				E37E0884277358E200F7B127 /* Main.storyboard */,
				E37E0887277358E300F7B127 /* Assets.xcassets */,
				E37E0889277358E300F7B127 /* LaunchScreen.storyboard */,
				E37E088C277358E300F7B127 /* Info.plist */,
				E3144BA827748B2300F0AC61 /* MainTabBarController.swift */,
				E3144BAA2774976900F0AC61 /* IntroViewModel.swift */,
			);
			path = LottoreCommend;
			sourceTree = "<group>";
		};
		E37E0892277359CE00F7B127 /* Assets */ = {
			isa = PBXGroup;
			children = (
			);
			path = Assets;
			sourceTree = "<group>";
		};
		E37E089827735DED00F7B127 /* Statistics */ = {
			isa = PBXGroup;
			children = (
				E37E089D27735E8F00F7B127 /* StatisticsViewController.swift */,
			);
			path = Statistics;
			sourceTree = "<group>";
		};
		E37E08A227737A3C00F7B127 /* Model */ = {
			isa = PBXGroup;
			children = (
				E37E08A327737A4B00F7B127 /* Entity */,
				E37E08A827737C1B00F7B127 /* LotteryModel.swift */,
			);
			path = Model;
			sourceTree = "<group>";
		};
		E37E08A327737A4B00F7B127 /* Entity */ = {
			isa = PBXGroup;
			children = (
				E37E08A427737A8B00F7B127 /* LotteNumEntity.swift */,
				E37E08A627737B5500F7B127 /* CurrentDataEntity.swift */,
			);
			path = Entity;
			sourceTree = "<group>";
		};
/* End PBXGroup section */

/* Begin PBXNativeTarget section */
		E37E087A277358E200F7B127 /* LottoreCommend */ = {
			isa = PBXNativeTarget;
			buildConfigurationList = E37E088F277358E300F7B127 /* Build configuration list for PBXNativeTarget "LottoreCommend" */;
			buildPhases = (
				1144AA64657E75256B5BD25E /* [CP] Check Pods Manifest.lock */,
				E37E0877277358E200F7B127 /* Sources */,
				E37E0878277358E200F7B127 /* Frameworks */,
				E37E0879277358E200F7B127 /* Resources */,
				21FFA7A05DCA0B8585DE9788 /* [CP] Embed Pods Frameworks */,
			);
			buildRules = (
			);
			dependencies = (
			);
			name = LottoreCommend;
			productName = LottoreCommend;
			productReference = E37E087B277358E200F7B127 /* LottoreCommend.app */;
			productType = "com.apple.product-type.application";
		};
/* End PBXNativeTarget section */

/* Begin PBXProject section */
		E37E0873277358E200F7B127 /* Project object */ = {
			isa = PBXProject;
			attributes = {
				BuildIndependentTargetsInParallel = 1;
				LastSwiftUpdateCheck = 1310;
				LastUpgradeCheck = 1310;
				TargetAttributes = {
					E37E087A277358E200F7B127 = {
						CreatedOnToolsVersion = 13.1;
					};
				};
			};
			buildConfigurationList = E37E0876277358E200F7B127 /* Build configuration list for PBXProject "LottoreCommend" */;
			compatibilityVersion = "Xcode 13.0";
			developmentRegion = en;
			hasScannedForEncodings = 0;
			knownRegions = (
				en,
				Base,
			);
			mainGroup = E37E0872277358E200F7B127;
			productRefGroup = E37E087C277358E200F7B127 /* Products */;
			projectDirPath = "";
			projectRoot = "";
			targets = (
				E37E087A277358E200F7B127 /* LottoreCommend */,
			);
		};
/* End PBXProject section */

/* Begin PBXResourcesBuildPhase section */
		E37E0879277358E200F7B127 /* Resources */ = {
			isa = PBXResourcesBuildPhase;
			buildActionMask = 2147483647;
			files = (
				E37E08A127736FE300F7B127 /* intro_img.jpg in Resources */,
				E37E088B277358E300F7B127 /* LaunchScreen.storyboard in Resources */,
				E37E0888277358E300F7B127 /* Assets.xcassets in Resources */,
				E37E0886277358E200F7B127 /* Main.storyboard in Resources */,
			);
			runOnlyForDeploymentPostprocessing = 0;
		};
/* End PBXResourcesBuildPhase section */

/* Begin PBXShellScriptBuildPhase section */
		1144AA64657E75256B5BD25E /* [CP] Check Pods Manifest.lock */ = {
			isa = PBXShellScriptBuildPhase;
			buildActionMask = 2147483647;
			files = (
			);
			inputFileListPaths = (
			);
			inputPaths = (
				"${PODS_PODFILE_DIR_PATH}/Podfile.lock",
				"${PODS_ROOT}/Manifest.lock",
			);
			name = "[CP] Check Pods Manifest.lock";
			outputFileListPaths = (
			);
			outputPaths = (
				"$(DERIVED_FILE_DIR)/Pods-LottoreCommend-checkManifestLockResult.txt",
			);
			runOnlyForDeploymentPostprocessing = 0;
			shellPath = /bin/sh;
			shellScript = "diff \"${PODS_PODFILE_DIR_PATH}/Podfile.lock\" \"${PODS_ROOT}/Manifest.lock\" > /dev/null\nif [ $? != 0 ] ; then\n    # print error to STDERR\n    echo \"error: The sandbox is not in sync with the Podfile.lock. Run 'pod install' or update your CocoaPods installation.\" >&2\n    exit 1\nfi\n# This output is used by Xcode 'outputs' to avoid re-running this script phase.\necho \"SUCCESS\" > \"${SCRIPT_OUTPUT_FILE_0}\"\n";
			showEnvVarsInLog = 0;
		};
		21FFA7A05DCA0B8585DE9788 /* [CP] Embed Pods Frameworks */ = {
			isa = PBXShellScriptBuildPhase;
			buildActionMask = 2147483647;
			files = (
			);
			inputFileListPaths = (
				"${PODS_ROOT}/Target Support Files/Pods-LottoreCommend/Pods-LottoreCommend-frameworks-${CONFIGURATION}-input-files.xcfilelist",
			);
			name = "[CP] Embed Pods Frameworks";
			outputFileListPaths = (
				"${PODS_ROOT}/Target Support Files/Pods-LottoreCommend/Pods-LottoreCommend-frameworks-${CONFIGURATION}-output-files.xcfilelist",
			);
			runOnlyForDeploymentPostprocessing = 0;
			shellPath = /bin/sh;
			shellScript = "\"${PODS_ROOT}/Target Support Files/Pods-LottoreCommend/Pods-LottoreCommend-frameworks.sh\"\n";
			showEnvVarsInLog = 0;
		};
/* End PBXShellScriptBuildPhase section */

/* Begin PBXSourcesBuildPhase section */
		E37E0877277358E200F7B127 /* Sources */ = {
			isa = PBXSourcesBuildPhase;
			buildActionMask = 2147483647;
			files = (
				E3144BAB2774976900F0AC61 /* IntroViewModel.swift in Sources */,
				E37E08A527737A8B00F7B127 /* LotteNumEntity.swift in Sources */,
				E37E08A927737C1B00F7B127 /* LotteryModel.swift in Sources */,
				E3144BA927748B2300F0AC61 /* MainTabBarController.swift in Sources */,
				E37E08A727737B5500F7B127 /* CurrentDataEntity.swift in Sources */,
				E37E0883277358E200F7B127 /* IntroController.swift in Sources */,
				E37E089E27735E8F00F7B127 /* StatisticsViewController.swift in Sources */,
				E37E087F277358E200F7B127 /* AppDelegate.swift in Sources */,
				E37E0881277358E200F7B127 /* SceneDelegate.swift in Sources */,
			);
			runOnlyForDeploymentPostprocessing = 0;
		};
/* End PBXSourcesBuildPhase section */

/* Begin PBXVariantGroup section */
		E37E0884277358E200F7B127 /* Main.storyboard */ = {
			isa = PBXVariantGroup;
			children = (
				E37E0885277358E200F7B127 /* Base */,
			);
			name = Main.storyboard;
			sourceTree = "<group>";
		};
		E37E0889277358E300F7B127 /* LaunchScreen.storyboard */ = {
			isa = PBXVariantGroup;
			children = (
				E37E088A277358E300F7B127 /* Base */,
			);
			name = LaunchScreen.storyboard;
			sourceTree = "<group>";
		};
/* End PBXVariantGroup section */

/* Begin XCBuildConfiguration section */
		E37E088D277358E300F7B127 /* Debug */ = {
			isa = XCBuildConfiguration;
			buildSettings = {
				ALWAYS_SEARCH_USER_PATHS = NO;
				CLANG_ANALYZER_NONNULL = YES;
				CLANG_ANALYZER_NUMBER_OBJECT_CONVERSION = YES_AGGRESSIVE;
				CLANG_CXX_LANGUAGE_STANDARD = "gnu++17";
				CLANG_CXX_LIBRARY = "libc++";
				CLANG_ENABLE_MODULES = YES;
				CLANG_ENABLE_OBJC_ARC = YES;
				CLANG_ENABLE_OBJC_WEAK = YES;
				CLANG_WARN_BLOCK_CAPTURE_AUTORELEASING = YES;
				CLANG_WARN_BOOL_CONVERSION = YES;
				CLANG_WARN_COMMA = YES;
				CLANG_WARN_CONSTANT_CONVERSION = YES;
				CLANG_WARN_DEPRECATED_OBJC_IMPLEMENTATIONS = YES;
				CLANG_WARN_DIRECT_OBJC_ISA_USAGE = YES_ERROR;
				CLANG_WARN_DOCUMENTATION_COMMENTS = YES;
				CLANG_WARN_EMPTY_BODY = YES;
				CLANG_WARN_ENUM_CONVERSION = YES;
				CLANG_WARN_INFINITE_RECURSION = YES;
				CLANG_WARN_INT_CONVERSION = YES;
				CLANG_WARN_NON_LITERAL_NULL_CONVERSION = YES;
				CLANG_WARN_OBJC_IMPLICIT_RETAIN_SELF = YES;
				CLANG_WARN_OBJC_LITERAL_CONVERSION = YES;
				CLANG_WARN_OBJC_ROOT_CLASS = YES_ERROR;
				CLANG_WARN_QUOTED_INCLUDE_IN_FRAMEWORK_HEADER = YES;
				CLANG_WARN_RANGE_LOOP_ANALYSIS = YES;
				CLANG_WARN_STRICT_PROTOTYPES = YES;
				CLANG_WARN_SUSPICIOUS_MOVE = YES;
				CLANG_WARN_UNGUARDED_AVAILABILITY = YES_AGGRESSIVE;
				CLANG_WARN_UNREACHABLE_CODE = YES;
				CLANG_WARN__DUPLICATE_METHOD_MATCH = YES;
				COPY_PHASE_STRIP = NO;
				DEBUG_INFORMATION_FORMAT = dwarf;
				ENABLE_STRICT_OBJC_MSGSEND = YES;
				ENABLE_TESTABILITY = YES;
				GCC_C_LANGUAGE_STANDARD = gnu11;
				GCC_DYNAMIC_NO_PIC = NO;
				GCC_NO_COMMON_BLOCKS = YES;
				GCC_OPTIMIZATION_LEVEL = 0;
				GCC_PREPROCESSOR_DEFINITIONS = (
					"DEBUG=1",
					"$(inherited)",
				);
				GCC_WARN_64_TO_32_BIT_CONVERSION = YES;
				GCC_WARN_ABOUT_RETURN_TYPE = YES_ERROR;
				GCC_WARN_UNDECLARED_SELECTOR = YES;
				GCC_WARN_UNINITIALIZED_AUTOS = YES_AGGRESSIVE;
				GCC_WARN_UNUSED_FUNCTION = YES;
				GCC_WARN_UNUSED_VARIABLE = YES;
				IPHONEOS_DEPLOYMENT_TARGET = 15.0;
				MTL_ENABLE_DEBUG_INFO = INCLUDE_SOURCE;
				MTL_FAST_MATH = YES;
				ONLY_ACTIVE_ARCH = YES;
				SDKROOT = iphoneos;
				SWIFT_ACTIVE_COMPILATION_CONDITIONS = DEBUG;
				SWIFT_OPTIMIZATION_LEVEL = "-Onone";
			};
			name = Debug;
		};
		E37E088E277358E300F7B127 /* Release */ = {
			isa = XCBuildConfiguration;
			buildSettings = {
				ALWAYS_SEARCH_USER_PATHS = NO;
				CLANG_ANALYZER_NONNULL = YES;
				CLANG_ANALYZER_NUMBER_OBJECT_CONVERSION = YES_AGGRESSIVE;
				CLANG_CXX_LANGUAGE_STANDARD = "gnu++17";
				CLANG_CXX_LIBRARY = "libc++";
				CLANG_ENABLE_MODULES = YES;
				CLANG_ENABLE_OBJC_ARC = YES;
				CLANG_ENABLE_OBJC_WEAK = YES;
				CLANG_WARN_BLOCK_CAPTURE_AUTORELEASING = YES;
				CLANG_WARN_BOOL_CONVERSION = YES;
				CLANG_WARN_COMMA = YES;
				CLANG_WARN_CONSTANT_CONVERSION = YES;
				CLANG_WARN_DEPRECATED_OBJC_IMPLEMENTATIONS = YES;
				CLANG_WARN_DIRECT_OBJC_ISA_USAGE = YES_ERROR;
				CLANG_WARN_DOCUMENTATION_COMMENTS = YES;
				CLANG_WARN_EMPTY_BODY = YES;
				CLANG_WARN_ENUM_CONVERSION = YES;
				CLANG_WARN_INFINITE_RECURSION = YES;
				CLANG_WARN_INT_CONVERSION = YES;
				CLANG_WARN_NON_LITERAL_NULL_CONVERSION = YES;
				CLANG_WARN_OBJC_IMPLICIT_RETAIN_SELF = YES;
				CLANG_WARN_OBJC_LITERAL_CONVERSION = YES;
				CLANG_WARN_OBJC_ROOT_CLASS = YES_ERROR;
				CLANG_WARN_QUOTED_INCLUDE_IN_FRAMEWORK_HEADER = YES;
				CLANG_WARN_RANGE_LOOP_ANALYSIS = YES;
				CLANG_WARN_STRICT_PROTOTYPES = YES;
				CLANG_WARN_SUSPICIOUS_MOVE = YES;
				CLANG_WARN_UNGUARDED_AVAILABILITY = YES_AGGRESSIVE;
				CLANG_WARN_UNREACHABLE_CODE = YES;
				CLANG_WARN__DUPLICATE_METHOD_MATCH = YES;
				COPY_PHASE_STRIP = NO;
				DEBUG_INFORMATION_FORMAT = "dwarf-with-dsym";
				ENABLE_NS_ASSERTIONS = NO;
				ENABLE_STRICT_OBJC_MSGSEND = YES;
				GCC_C_LANGUAGE_STANDARD = gnu11;
				GCC_NO_COMMON_BLOCKS = YES;
				GCC_WARN_64_TO_32_BIT_CONVERSION = YES;
				GCC_WARN_ABOUT_RETURN_TYPE = YES_ERROR;
				GCC_WARN_UNDECLARED_SELECTOR = YES;
				GCC_WARN_UNINITIALIZED_AUTOS = YES_AGGRESSIVE;
				GCC_WARN_UNUSED_FUNCTION = YES;
				GCC_WARN_UNUSED_VARIABLE = YES;
				IPHONEOS_DEPLOYMENT_TARGET = 15.0;
				MTL_ENABLE_DEBUG_INFO = NO;
				MTL_FAST_MATH = YES;
				SDKROOT = iphoneos;
				SWIFT_COMPILATION_MODE = wholemodule;
				SWIFT_OPTIMIZATION_LEVEL = "-O";
				VALIDATE_PRODUCT = YES;
			};
			name = Release;
		};
		E37E0890277358E300F7B127 /* Debug */ = {
			isa = XCBuildConfiguration;
			baseConfigurationReference = CAFD7BCD18F0BB1C50019EAE /* Pods-LottoreCommend.debug.xcconfig */;
			buildSettings = {
				ASSETCATALOG_COMPILER_APPICON_NAME = AppIcon;
				ASSETCATALOG_COMPILER_GLOBAL_ACCENT_COLOR_NAME = AccentColor;
				CODE_SIGN_IDENTITY = "Apple Development";
				CODE_SIGN_STYLE = Automatic;
				CURRENT_PROJECT_VERSION = 1;
				DEVELOPMENT_TEAM = RXBUP6L48V;
				GENERATE_INFOPLIST_FILE = YES;
				INFOPLIST_FILE = LottoreCommend/Info.plist;
				INFOPLIST_KEY_UIApplicationSupportsIndirectInputEvents = YES;
				INFOPLIST_KEY_UILaunchStoryboardName = LaunchScreen;
				INFOPLIST_KEY_UIMainStoryboardFile = Main;
				INFOPLIST_KEY_UISupportedInterfaceOrientations_iPad = "UIInterfaceOrientationPortrait UIInterfaceOrientationPortraitUpsideDown UIInterfaceOrientationLandscapeLeft UIInterfaceOrientationLandscapeRight";
				INFOPLIST_KEY_UISupportedInterfaceOrientations_iPhone = "UIInterfaceOrientationPortrait UIInterfaceOrientationLandscapeLeft UIInterfaceOrientationLandscapeRight";
				LD_RUNPATH_SEARCH_PATHS = (
					"$(inherited)",
					"@executable_path/Frameworks",
				);
				MARKETING_VERSION = 1.0;
				PRODUCT_BUNDLE_IDENTIFIER = com.raon.sdk.zkp.sample;
				PRODUCT_NAME = "$(TARGET_NAME)";
				PROVISIONING_PROFILE_SPECIFIER = "";
				SWIFT_EMIT_LOC_STRINGS = YES;
				SWIFT_VERSION = 5.0;
				TARGETED_DEVICE_FAMILY = "1,2";
			};
			name = Debug;
		};
		E37E0891277358E300F7B127 /* Release */ = {
			isa = XCBuildConfiguration;
			baseConfigurationReference = D029F2D65AF81603527E1B85 /* Pods-LottoreCommend.release.xcconfig */;
			buildSettings = {
				ASSETCATALOG_COMPILER_APPICON_NAME = AppIcon;
				ASSETCATALOG_COMPILER_GLOBAL_ACCENT_COLOR_NAME = AccentColor;
				CODE_SIGN_IDENTITY = "Apple Development";
				CODE_SIGN_STYLE = Automatic;
				CURRENT_PROJECT_VERSION = 1;
				DEVELOPMENT_TEAM = RXBUP6L48V;
				GENERATE_INFOPLIST_FILE = YES;
				INFOPLIST_FILE = LottoreCommend/Info.plist;
				INFOPLIST_KEY_UIApplicationSupportsIndirectInputEvents = YES;
				INFOPLIST_KEY_UILaunchStoryboardName = LaunchScreen;
				INFOPLIST_KEY_UIMainStoryboardFile = Main;
				INFOPLIST_KEY_UISupportedInterfaceOrientations_iPad = "UIInterfaceOrientationPortrait UIInterfaceOrientationPortraitUpsideDown UIInterfaceOrientationLandscapeLeft UIInterfaceOrientationLandscapeRight";
				INFOPLIST_KEY_UISupportedInterfaceOrientations_iPhone = "UIInterfaceOrientationPortrait UIInterfaceOrientationLandscapeLeft UIInterfaceOrientationLandscapeRight";
				LD_RUNPATH_SEARCH_PATHS = (
					"$(inherited)",
					"@executable_path/Frameworks",
				);
				MARKETING_VERSION = 1.0;
				PRODUCT_BUNDLE_IDENTIFIER = com.raon.sdk.zkp.sample;
				PRODUCT_NAME = "$(TARGET_NAME)";
				PROVISIONING_PROFILE_SPECIFIER = "";
				SWIFT_EMIT_LOC_STRINGS = YES;
				SWIFT_VERSION = 5.0;
				TARGETED_DEVICE_FAMILY = "1,2";
			};
			name = Release;
		};
/* End XCBuildConfiguration section */

/* Begin XCConfigurationList section */
		E37E0876277358E200F7B127 /* Build configuration list for PBXProject "LottoreCommend" */ = {
			isa = XCConfigurationList;
			buildConfigurations = (
				E37E088D277358E300F7B127 /* Debug */,
				E37E088E277358E300F7B127 /* Release */,
			);
			defaultConfigurationIsVisible = 0;
			defaultConfigurationName = Release;
		};
		E37E088F277358E300F7B127 /* Build configuration list for PBXNativeTarget "LottoreCommend" */ = {
			isa = XCConfigurationList;
			buildConfigurations = (
				E37E0890277358E300F7B127 /* Debug */,
				E37E0891277358E300F7B127 /* Release */,
			);
			defaultConfigurationIsVisible = 0;
			defaultConfigurationName = Release;
		};
/* End XCConfigurationList section */
	};
	rootObject = E37E0873277358E200F7B127 /* Project object */;
}
